
Microsoft Visual Studio Solution File, Format Version 12.00
# Visual Studio 15
VisualStudioVersion = 15.0.26430.15
MinimumVisualStudioVersion = 10.0.40219.1
Project("{FAE04EC0-301F-11D3-BF4B-00C04F79EFBC}") = "ProducerApp", "ProducerApp\ProducerApp.csproj", "{62F38253-6FA9-495D-AEE9-A371E8DE2523}"
EndProject
Project("{FAE04EC0-301F-11D3-BF4B-00C04F79EFBC}") = "ConsumerApp", "..\ConsumerApp\ConsumerApp.csproj", "{A0D979D8-1658-41CB-8ED7-5F6117B99B56}"
EndProject
Global
	GlobalSection(SolutionConfigurationPlatforms) = preSolution
		Debug|Any CPU = Debug|Any CPU
		Release|Any CPU = Release|Any CPU
	EndGlobalSection
	GlobalSection(ProjectConfigurationPlatforms) = postSolution
		{62F38253-6FA9-495D-AEE9-A371E8DE2523}.Debug|Any CPU.ActiveCfg = Debug|Any CPU
		{62F38253-6FA9-495D-AEE9-A371E8DE2523}.Debug|Any CPU.Build.0 = Debug|Any CPU
		{62F38253-6FA9-495D-AEE9-A371E8DE2523}.Release|Any CPU.ActiveCfg = Release|Any CPU
		{62F38253-6FA9-495D-AEE9-A371E8DE2523}.Release|Any CPU.Build.0 = Release|Any CPU
		{A0D979D8-1658-41CB-8ED7-5F6117B99B56}.Debug|Any CPU.ActiveCfg = Debug|Any CPU
		{A0D979D8-1658-41CB-8ED7-5F6117B99B56}.Debug|Any CPU.Build.0 = Debug|Any CPU
		{A0D979D8-1658-41CB-8ED7-5F6117B99B56}.Release|Any CPU.ActiveCfg = Release|Any CPU
		{A0D979D8-1658-41CB-8ED7-5F6117B99B56}.Release|Any CPU.Build.0 = Release|Any CPU
	EndGlobalSection
	GlobalSection(SolutionProperties) = preSolution
		HideSolutionNode = FALSE
	EndGlobalSection
EndGlobal
